Microsoft Visual Studio Solution File, Format Version 11.00
# Visual Studio 2010
Project("{F184B08F-C81C-45F6-A57F-5ABD9991F28F}") = "Implement Custom Grouping", "Implement Custom Grouping\Implement Custom Grouping.vbproj", "{93CE3C4B-18D0-4E90-916C-4C5AC0AD0E00}"
EndProject
Global
	GlobalSection(SolutionConfigurationPlatforms) = preSolution
		Debug|Any CPU = Debug|Any CPU
		Release|Any CPU = Release|Any CPU
	EndGlobalSection
	GlobalSection(ProjectConfigurationPlatforms) = postSolution
		{93CE3C4B-18D0-4E90-916C-4C5AC0AD0E00}.Debug|Any CPU.ActiveCfg = Debug|Any CPU
		{93CE3C4B-18D0-4E90-916C-4C5AC0AD0E00}.Debug|Any CPU.Build.0 = Debug|Any CPU
		{93CE3C4B-18D0-4E90-916C-4C5AC0AD0E00}.Release|Any CPU.ActiveCfg = Release|Any CPU
		{93CE3C4B-18D0-4E90-916C-4C5AC0AD0E00}.Release|Any CPU.Build.0 = Release|Any CPU
	EndGlobalSection
	GlobalSection(SolutionProperties) = preSolution
		HideSolutionNode = FALSE
	EndGlobalSection
EndGlobal
